
Microsoft Visual Studio Solution File, Format Version 12.00
# Visual Studio 15
VisualStudioVersion = 15.0.28010.2041
MinimumVisualStudioVersion = 10.0.40219.1
Project("{FAE04EC0-301F-11D3-BF4B-00C04F79EFBC}") = "KataPotter.U.Test", "KataPotter.U.Test\KataPotter.U.Test.csproj", "{AFB2199D-9E80-464E-920C-36D29666FAC8}"
EndProject
Project("{FAE04EC0-301F-11D3-BF4B-00C04F79EFBC}") = "KataPotter", "KataPotter\KataPotter.csproj", "{6923A88A-CB6D-460B-89AB-8B9132F8B3CE}"
EndProject
Global
	GlobalSection(SolutionConfigurationPlatforms) = preSolution
		Debug|Any CPU = Debug|Any CPU
		Release|Any CPU = Release|Any CPU
	EndGlobalSection
	GlobalSection(ProjectConfigurationPlatforms) = postSolution
		{AFB2199D-9E80-464E-920C-36D29666FAC8}.Debug|Any CPU.ActiveCfg = Debug|Any CPU
		{AFB2199D-9E80-464E-920C-36D29666FAC8}.Debug|Any CPU.Build.0 = Debug|Any CPU
		{AFB2199D-9E80-464E-920C-36D29666FAC8}.Release|Any CPU.ActiveCfg = Release|Any CPU
		{AFB2199D-9E80-464E-920C-36D29666FAC8}.Release|Any CPU.Build.0 = Release|Any CPU
		{6923A88A-CB6D-460B-89AB-8B9132F8B3CE}.Debug|Any CPU.ActiveCfg = Debug|Any CPU
		{6923A88A-CB6D-460B-89AB-8B9132F8B3CE}.Debug|Any CPU.Build.0 = Debug|Any CPU
		{6923A88A-CB6D-460B-89AB-8B9132F8B3CE}.Release|Any CPU.ActiveCfg = Release|Any CPU
		{6923A88A-CB6D-460B-89AB-8B9132F8B3CE}.Release|Any CPU.Build.0 = Release|Any CPU
	EndGlobalSection
	GlobalSection(SolutionProperties) = preSolution
		HideSolutionNode = FALSE
	EndGlobalSection
	GlobalSection(ExtensibilityGlobals) = postSolution
		SolutionGuid = {A6E65CD9-EB99-4BFF-AF25-5FCC44713684}
	EndGlobalSection
EndGlobal
